
Microsoft Visual Studio Solution File, Format Version 12.00
# Visual Studio Version 17
VisualStudioVersion = 17.9.34616.47
MinimumVisualStudioVersion = 10.0.40219.1
Project("{9A19103F-16F7-4668-BE54-9A1E7A4F7556}") = "Gamestore.WebApi", "Gamestore.WebApi\Gamestore.WebApi.csproj", "{E5A410FD-833E-4BEF-8441-1261D9863FB1}"
	ProjectSection(ProjectDependencies) = postProject
		{19A5E727-4788-475F-A97B-D84AF4CEABE1} = {19A5E727-4788-475F-A97B-D84AF4CEABE1}
		{D02D013D-D736-4BBC-B78E-C1CC67B6E437} = {D02D013D-D736-4BBC-B78E-C1CC67B6E437}
	EndProjectSection
EndProject
Project("{9A19103F-16F7-4668-BE54-9A1E7A4F7556}") = "Gamestore.DAL", "Gamestore.Repository\Gamestore.DAL.csproj", "{19A5E727-4788-475F-A97B-D84AF4CEABE1}"
EndProject
Project("{9A19103F-16F7-4668-BE54-9A1E7A4F7556}") = "Gamestore.BLL", "Gamestore.Services\Gamestore.BLL.csproj", "{D02D013D-D736-4BBC-B78E-C1CC67B6E437}"
EndProject
Project("{9A19103F-16F7-4668-BE54-9A1E7A4F7556}") = "Gamestore.DAL.Tests", "Gamestore.Tests\Gamestore.DAL.Tests.csproj", "{25BCF0D8-3EA0-41EE-95FA-5D9D420AC2E9}"
EndProject
Project("{9A19103F-16F7-4668-BE54-9A1E7A4F7556}") = "Gamestore.BLL.Tests", "Gamestore.BLLTests\Gamestore.BLL.Tests.csproj", "{9FCBE51D-B394-439D-8D55-055004797663}"
EndProject
Project("{9A19103F-16F7-4668-BE54-9A1E7A4F7556}") = "Gamestore.MongoRepository", "Gamestore.MongoRepository\Gamestore.MongoRepository.csproj", "{6451294A-0504-4296-87F3-AA677F80A113}"
EndProject
Project("{FAE04EC0-301F-11D3-BF4B-00C04F79EFBC}") = "Gamestore.IdentityRepository", "Gamestore.IdentityRepository\Gamestore.IdentityRepository.csproj", "{5AF81385-D26A-41E7-A3C0-1245E691F821}"
EndProject
Global
	GlobalSection(SolutionConfigurationPlatforms) = preSolution
		Debug|Any CPU = Debug|Any CPU
		Release|Any CPU = Release|Any CPU
	EndGlobalSection
	GlobalSection(ProjectConfigurationPlatforms) = postSolution
		{E5A410FD-833E-4BEF-8441-1261D9863FB1}.Debug|Any CPU.ActiveCfg = Debug|Any CPU
		{E5A410FD-833E-4BEF-8441-1261D9863FB1}.Debug|Any CPU.Build.0 = Debug|Any CPU
		{E5A410FD-833E-4BEF-8441-1261D9863FB1}.Release|Any CPU.ActiveCfg = Release|Any CPU
		{E5A410FD-833E-4BEF-8441-1261D9863FB1}.Release|Any CPU.Build.0 = Release|Any CPU
		{19A5E727-4788-475F-A97B-D84AF4CEABE1}.Debug|Any CPU.ActiveCfg = Debug|Any CPU
		{19A5E727-4788-475F-A97B-D84AF4CEABE1}.Debug|Any CPU.Build.0 = Debug|Any CPU
		{19A5E727-4788-475F-A97B-D84AF4CEABE1}.Release|Any CPU.ActiveCfg = Release|Any CPU
		{19A5E727-4788-475F-A97B-D84AF4CEABE1}.Release|Any CPU.Build.0 = Release|Any CPU
		{D02D013D-D736-4BBC-B78E-C1CC67B6E437}.Debug|Any CPU.ActiveCfg = Debug|Any CPU
		{D02D013D-D736-4BBC-B78E-C1CC67B6E437}.Debug|Any CPU.Build.0 = Debug|Any CPU
		{D02D013D-D736-4BBC-B78E-C1CC67B6E437}.Release|Any CPU.ActiveCfg = Release|Any CPU
		{D02D013D-D736-4BBC-B78E-C1CC67B6E437}.Release|Any CPU.Build.0 = Release|Any CPU
		{25BCF0D8-3EA0-41EE-95FA-5D9D420AC2E9}.Debug|Any CPU.ActiveCfg = Debug|Any CPU
		{25BCF0D8-3EA0-41EE-95FA-5D9D420AC2E9}.Debug|Any CPU.Build.0 = Debug|Any CPU
		{25BCF0D8-3EA0-41EE-95FA-5D9D420AC2E9}.Release|Any CPU.ActiveCfg = Release|Any CPU
		{25BCF0D8-3EA0-41EE-95FA-5D9D420AC2E9}.Release|Any CPU.Build.0 = Release|Any CPU
		{9FCBE51D-B394-439D-8D55-055004797663}.Debug|Any CPU.ActiveCfg = Debug|Any CPU
		{9FCBE51D-B394-439D-8D55-055004797663}.Debug|Any CPU.Build.0 = Debug|Any CPU
		{9FCBE51D-B394-439D-8D55-055004797663}.Release|Any CPU.ActiveCfg = Release|Any CPU
		{9FCBE51D-B394-439D-8D55-055004797663}.Release|Any CPU.Build.0 = Release|Any CPU
		{6451294A-0504-4296-87F3-AA677F80A113}.Debug|Any CPU.ActiveCfg = Debug|Any CPU
		{6451294A-0504-4296-87F3-AA677F80A113}.Debug|Any CPU.Build.0 = Debug|Any CPU
		{6451294A-0504-4296-87F3-AA677F80A113}.Release|Any CPU.ActiveCfg = Release|Any CPU
		{6451294A-0504-4296-87F3-AA677F80A113}.Release|Any CPU.Build.0 = Release|Any CPU
		{5AF81385-D26A-41E7-A3C0-1245E691F821}.Debug|Any CPU.ActiveCfg = Debug|Any CPU
		{5AF81385-D26A-41E7-A3C0-1245E691F821}.Debug|Any CPU.Build.0 = Debug|Any CPU
		{5AF81385-D26A-41E7-A3C0-1245E691F821}.Release|Any CPU.ActiveCfg = Release|Any CPU
		{5AF81385-D26A-41E7-A3C0-1245E691F821}.Release|Any CPU.Build.0 = Release|Any CPU
	EndGlobalSection
	GlobalSection(SolutionProperties) = preSolution
		HideSolutionNode = FALSE
	EndGlobalSection
	GlobalSection(ExtensibilityGlobals) = postSolution
		SolutionGuid = {E2D96BBF-C30F-4989-B54E-A38EE964ECFF}
	EndGlobalSection
EndGlobal
